
Microsoft Visual Studio Solution File, Format Version 12.00
# Visual Studio Version 16
VisualStudioVersion = 16.0.30413.136
MinimumVisualStudioVersion = 10.0.40219.1
Project("{8BC9CEB8-8B4A-11D0-8D11-00A0C91BC942}") = "Сапёр", "Сапёр\Сапёр.vcxproj", "{94939F69-2D8A-428A-B3BE-026CEDB261D2}"
EndProject
Global
	GlobalSection(SolutionConfigurationPlatforms) = preSolution
		Debug|x64 = Debug|x64
		Debug|x86 = Debug|x86
		Release|x64 = Release|x64
		Release|x86 = Release|x86
	EndGlobalSection
	GlobalSection(ProjectConfigurationPlatforms) = postSolution
		{94939F69-2D8A-428A-B3BE-026CEDB261D2}.Debug|x64.ActiveCfg = Debug|x64
		{94939F69-2D8A-428A-B3BE-026CEDB261D2}.Debug|x64.Build.0 = Debug|x64
		{94939F69-2D8A-428A-B3BE-026CEDB261D2}.Debug|x86.ActiveCfg = Debug|Win32
		{94939F69-2D8A-428A-B3BE-026CEDB261D2}.Debug|x86.Build.0 = Debug|Win32
		{94939F69-2D8A-428A-B3BE-026CEDB261D2}.Release|x64.ActiveCfg = Release|x64
		{94939F69-2D8A-428A-B3BE-026CEDB261D2}.Release|x64.Build.0 = Release|x64
		{94939F69-2D8A-428A-B3BE-026CEDB261D2}.Release|x86.ActiveCfg = Release|Win32
		{94939F69-2D8A-428A-B3BE-026CEDB261D2}.Release|x86.Build.0 = Release|Win32
	EndGlobalSection
	GlobalSection(SolutionProperties) = preSolution
		HideSolutionNode = FALSE
	EndGlobalSection
	GlobalSection(ExtensibilityGlobals) = postSolution
		SolutionGuid = {AC7C7C67-83A9-4EF3-81EA-24E56C23A20E}
	EndGlobalSection
EndGlobal
